
Microsoft Visual Studio Solution File, Format Version 12.00
# Visual Studio 15
VisualStudioVersion = 15.0.27110.0
MinimumVisualStudioVersion = 10.0.40219.1
Project("{2150E333-8FDC-42A3-9474-1A3956D46DE8}") = "Core", "Core", "{A4BA7B51-D5DA-4528-AA6A-8D4BC381E66F}"
EndProject
Project("{2150E333-8FDC-42A3-9474-1A3956D46DE8}") = "Suite", "Suite", "{2FD9EAA7-D20F-4C07-BDF5-29F853D24807}"
EndProject
Project("{FAE04EC0-301F-11D3-BF4B-00C04F79EFBC}") = "JS.Suite.Foundation", "Libraries\JS.Suite.Foundation\JS.Suite.Foundation.csproj", "{12AC2D24-D407-4585-974D-04F68D4D40C5}"
EndProject
Project("{FAE04EC0-301F-11D3-BF4B-00C04F79EFBC}") = "JS.Suite.DataAbstraction", "Libraries\JS.Suite.DataAbstraction\JS.Suite.DataAbstraction.csproj", "{18AD9727-39F7-4C5B-AB97-F58850DB5A06}"
EndProject
Project("{2150E333-8FDC-42A3-9474-1A3956D46DE8}") = "Libraries", "Libraries", "{AEC28FBB-A9D7-491C-95BA-6290C4109BCA}"
EndProject
Project("{2150E333-8FDC-42A3-9474-1A3956D46DE8}") = "Libraries", "Libraries", "{E2ABE857-3C53-46B3-8AC3-D73A1A358CB5}"
EndProject
Project("{FAE04EC0-301F-11D3-BF4B-00C04F79EFBC}") = "JS.Suite.BusinessLogic", "Libraries\JS.Suite.BusinessLogic\JS.Suite.BusinessLogic.csproj", "{8133E4E7-CBFF-4DD2-B9CA-A25C695AEA14}"
EndProject
Project("{2150E333-8FDC-42A3-9474-1A3956D46DE8}") = "Web", "Web", "{7FB2C965-A470-4EDF-8AFE-B848B56A5912}"
EndProject
Project("{FAE04EC0-301F-11D3-BF4B-00C04F79EFBC}") = "JS.Core.Web", "..\Core\Libraries\JS.Core.Web\JS.Core.Web.csproj", "{9F409826-0C3E-4524-841B-C659B1C7C780}"
EndProject
Project("{FAE04EC0-301F-11D3-BF4B-00C04F79EFBC}") = "JS.Core.Foundation", "..\Core\Libraries\JS.Core.Foundation\JS.Core.Foundation.csproj", "{0F325D7A-1961-48C5-99EE-858760369799}"
EndProject
Project("{2150E333-8FDC-42A3-9474-1A3956D46DE8}") = "Tests", "Tests", "{A5DB5239-B231-4BF6-9CCF-3D8B4753FB9E}"
EndProject
Project("{FAE04EC0-301F-11D3-BF4B-00C04F79EFBC}") = "JS.Suite.DataAbstraction.Test", "Tests\JS.Suite.DataAbstraction.Test\JS.Suite.DataAbstraction.Test.csproj", "{280C7AF6-FA94-4F9C-9BCD-8C3ED72DE924}"
EndProject
Project("{FAE04EC0-301F-11D3-BF4B-00C04F79EFBC}") = "JS.Suite.Hub", "Web\JS.Suite.Hub\JS.Suite.Hub.csproj", "{2AED6C70-FA28-42B8-822B-FB0389AB2410}"
EndProject
Project("{FAE04EC0-301F-11D3-BF4B-00C04F79EFBC}") = "JS.Suite.JustinAndNicoleWedding", "Web\JS.Suite.JustinAndNicoleWedding\JS.Suite.JustinAndNicoleWedding.csproj", "{A3DB95E5-9944-44CD-94F6-6522EE75D3D0}"
EndProject
Project("{FAE04EC0-301F-11D3-BF4B-00C04F79EFBC}") = "JS.Suite.JamesAndJenniferWedding", "Web\JS.Suite.JamesAndJenniferWedding\JS.Suite.JamesAndJenniferWedding.csproj", "{4306DB61-2DE1-48DF-AAC7-CE5D7EDF6BE0}"
EndProject
Project("{2150E333-8FDC-42A3-9474-1A3956D46DE8}") = ".nuget", ".nuget", "{F42E0185-DD50-441C-B9E6-8E06C253FC7C}"
	ProjectSection(SolutionItems) = preProject
		.nuget\NuGet.Config = .nuget\NuGet.Config
		.nuget\NuGet.exe = .nuget\NuGet.exe
		.nuget\NuGet.targets = .nuget\NuGet.targets
	EndProjectSection
EndProject
Project("{FAE04EC0-301F-11D3-BF4B-00C04F79EFBC}") = "JS.Suite.BusinessLogic.Test", "Tests\JS.Suite.BusinessLogic.Test\JS.Suite.BusinessLogic.Test.csproj", "{DE4D1FBD-E120-478F-BEA7-885931D532ED}"
EndProject
Project("{9A19103F-16F7-4668-BE54-9A1E7A4F7556}") = "Static.JustinAndNicoleWedding", "Web\Static.JustinAndNicoleWedding\Static.JustinAndNicoleWedding.csproj", "{F05B166C-0A37-43F2-84E9-F3C9B703B462}"
EndProject
Project("{9A19103F-16F7-4668-BE54-9A1E7A4F7556}") = "Static.JamesAndJenniferWedding", "Web\Static.JamesAndJenniferWedding\Static.JamesAndJenniferWedding.csproj", "{224FE0C1-D2D0-4CB0-87E1-D02A079D0679}"
EndProject
Global
	GlobalSection(SolutionConfigurationPlatforms) = preSolution
		Debug|Any CPU = Debug|Any CPU
		Production|Any CPU = Production|Any CPU
		Release|Any CPU = Release|Any CPU
	EndGlobalSection
	GlobalSection(ProjectConfigurationPlatforms) = postSolution
		{12AC2D24-D407-4585-974D-04F68D4D40C5}.Debug|Any CPU.ActiveCfg = Debug|Any CPU
		{12AC2D24-D407-4585-974D-04F68D4D40C5}.Debug|Any CPU.Build.0 = Debug|Any CPU
		{12AC2D24-D407-4585-974D-04F68D4D40C5}.Production|Any CPU.ActiveCfg = Production|Any CPU
		{12AC2D24-D407-4585-974D-04F68D4D40C5}.Production|Any CPU.Build.0 = Production|Any CPU
		{12AC2D24-D407-4585-974D-04F68D4D40C5}.Release|Any CPU.ActiveCfg = Release|Any CPU
		{12AC2D24-D407-4585-974D-04F68D4D40C5}.Release|Any CPU.Build.0 = Release|Any CPU
		{18AD9727-39F7-4C5B-AB97-F58850DB5A06}.Debug|Any CPU.ActiveCfg = Debug|Any CPU
		{18AD9727-39F7-4C5B-AB97-F58850DB5A06}.Debug|Any CPU.Build.0 = Debug|Any CPU
		{18AD9727-39F7-4C5B-AB97-F58850DB5A06}.Production|Any CPU.ActiveCfg = Production|Any CPU
		{18AD9727-39F7-4C5B-AB97-F58850DB5A06}.Production|Any CPU.Build.0 = Production|Any CPU
		{18AD9727-39F7-4C5B-AB97-F58850DB5A06}.Release|Any CPU.ActiveCfg = Release|Any CPU
		{18AD9727-39F7-4C5B-AB97-F58850DB5A06}.Release|Any CPU.Build.0 = Release|Any CPU
		{8133E4E7-CBFF-4DD2-B9CA-A25C695AEA14}.Debug|Any CPU.ActiveCfg = Debug|Any CPU
		{8133E4E7-CBFF-4DD2-B9CA-A25C695AEA14}.Debug|Any CPU.Build.0 = Debug|Any CPU
		{8133E4E7-CBFF-4DD2-B9CA-A25C695AEA14}.Production|Any CPU.ActiveCfg = Production|Any CPU
		{8133E4E7-CBFF-4DD2-B9CA-A25C695AEA14}.Production|Any CPU.Build.0 = Production|Any CPU
		{8133E4E7-CBFF-4DD2-B9CA-A25C695AEA14}.Release|Any CPU.ActiveCfg = Release|Any CPU
		{8133E4E7-CBFF-4DD2-B9CA-A25C695AEA14}.Release|Any CPU.Build.0 = Release|Any CPU
		{9F409826-0C3E-4524-841B-C659B1C7C780}.Debug|Any CPU.ActiveCfg = Debug|Any CPU
		{9F409826-0C3E-4524-841B-C659B1C7C780}.Debug|Any CPU.Build.0 = Debug|Any CPU
		{9F409826-0C3E-4524-841B-C659B1C7C780}.Production|Any CPU.ActiveCfg = Production|Any CPU
		{9F409826-0C3E-4524-841B-C659B1C7C780}.Production|Any CPU.Build.0 = Production|Any CPU
		{9F409826-0C3E-4524-841B-C659B1C7C780}.Release|Any CPU.ActiveCfg = Release|Any CPU
		{9F409826-0C3E-4524-841B-C659B1C7C780}.Release|Any CPU.Build.0 = Release|Any CPU
		{0F325D7A-1961-48C5-99EE-858760369799}.Debug|Any CPU.ActiveCfg = Debug|Any CPU
		{0F325D7A-1961-48C5-99EE-858760369799}.Debug|Any CPU.Build.0 = Debug|Any CPU
		{0F325D7A-1961-48C5-99EE-858760369799}.Debug|Any CPU.Deploy.0 = Debug|Any CPU
		{0F325D7A-1961-48C5-99EE-858760369799}.Production|Any CPU.ActiveCfg = Production|Any CPU
		{0F325D7A-1961-48C5-99EE-858760369799}.Production|Any CPU.Build.0 = Production|Any CPU
		{0F325D7A-1961-48C5-99EE-858760369799}.Release|Any CPU.ActiveCfg = Release|Any CPU
		{0F325D7A-1961-48C5-99EE-858760369799}.Release|Any CPU.Build.0 = Release|Any CPU
		{280C7AF6-FA94-4F9C-9BCD-8C3ED72DE924}.Debug|Any CPU.ActiveCfg = Debug|Any CPU
		{280C7AF6-FA94-4F9C-9BCD-8C3ED72DE924}.Debug|Any CPU.Build.0 = Debug|Any CPU
		{280C7AF6-FA94-4F9C-9BCD-8C3ED72DE924}.Production|Any CPU.ActiveCfg = Production|Any CPU
		{280C7AF6-FA94-4F9C-9BCD-8C3ED72DE924}.Production|Any CPU.Build.0 = Production|Any CPU
		{280C7AF6-FA94-4F9C-9BCD-8C3ED72DE924}.Release|Any CPU.ActiveCfg = Release|Any CPU
		{280C7AF6-FA94-4F9C-9BCD-8C3ED72DE924}.Release|Any CPU.Build.0 = Release|Any CPU
		{2AED6C70-FA28-42B8-822B-FB0389AB2410}.Debug|Any CPU.ActiveCfg = Debug|Any CPU
		{2AED6C70-FA28-42B8-822B-FB0389AB2410}.Debug|Any CPU.Build.0 = Debug|Any CPU
		{2AED6C70-FA28-42B8-822B-FB0389AB2410}.Production|Any CPU.ActiveCfg = Production|Any CPU
		{2AED6C70-FA28-42B8-822B-FB0389AB2410}.Production|Any CPU.Build.0 = Production|Any CPU
		{2AED6C70-FA28-42B8-822B-FB0389AB2410}.Release|Any CPU.ActiveCfg = Release|Any CPU
		{2AED6C70-FA28-42B8-822B-FB0389AB2410}.Release|Any CPU.Build.0 = Release|Any CPU
		{A3DB95E5-9944-44CD-94F6-6522EE75D3D0}.Debug|Any CPU.ActiveCfg = Debug|Any CPU
		{A3DB95E5-9944-44CD-94F6-6522EE75D3D0}.Debug|Any CPU.Build.0 = Debug|Any CPU
		{A3DB95E5-9944-44CD-94F6-6522EE75D3D0}.Production|Any CPU.ActiveCfg = Production|Any CPU
		{A3DB95E5-9944-44CD-94F6-6522EE75D3D0}.Production|Any CPU.Build.0 = Production|Any CPU
		{A3DB95E5-9944-44CD-94F6-6522EE75D3D0}.Release|Any CPU.ActiveCfg = Release|Any CPU
		{A3DB95E5-9944-44CD-94F6-6522EE75D3D0}.Release|Any CPU.Build.0 = Release|Any CPU
		{4306DB61-2DE1-48DF-AAC7-CE5D7EDF6BE0}.Debug|Any CPU.ActiveCfg = Debug|Any CPU
		{4306DB61-2DE1-48DF-AAC7-CE5D7EDF6BE0}.Debug|Any CPU.Build.0 = Debug|Any CPU
		{4306DB61-2DE1-48DF-AAC7-CE5D7EDF6BE0}.Production|Any CPU.ActiveCfg = Release|Any CPU
		{4306DB61-2DE1-48DF-AAC7-CE5D7EDF6BE0}.Production|Any CPU.Build.0 = Release|Any CPU
		{4306DB61-2DE1-48DF-AAC7-CE5D7EDF6BE0}.Release|Any CPU.ActiveCfg = Release|Any CPU
		{4306DB61-2DE1-48DF-AAC7-CE5D7EDF6BE0}.Release|Any CPU.Build.0 = Release|Any CPU
		{DE4D1FBD-E120-478F-BEA7-885931D532ED}.Debug|Any CPU.ActiveCfg = Debug|Any CPU
		{DE4D1FBD-E120-478F-BEA7-885931D532ED}.Debug|Any CPU.Build.0 = Debug|Any CPU
		{DE4D1FBD-E120-478F-BEA7-885931D532ED}.Production|Any CPU.ActiveCfg = Release|Any CPU
		{DE4D1FBD-E120-478F-BEA7-885931D532ED}.Production|Any CPU.Build.0 = Release|Any CPU
		{DE4D1FBD-E120-478F-BEA7-885931D532ED}.Release|Any CPU.ActiveCfg = Release|Any CPU
		{DE4D1FBD-E120-478F-BEA7-885931D532ED}.Release|Any CPU.Build.0 = Release|Any CPU
		{F05B166C-0A37-43F2-84E9-F3C9B703B462}.Debug|Any CPU.ActiveCfg = Debug|Any CPU
		{F05B166C-0A37-43F2-84E9-F3C9B703B462}.Debug|Any CPU.Build.0 = Debug|Any CPU
		{F05B166C-0A37-43F2-84E9-F3C9B703B462}.Production|Any CPU.ActiveCfg = Debug|Any CPU
		{F05B166C-0A37-43F2-84E9-F3C9B703B462}.Production|Any CPU.Build.0 = Debug|Any CPU
		{F05B166C-0A37-43F2-84E9-F3C9B703B462}.Release|Any CPU.ActiveCfg = Release|Any CPU
		{F05B166C-0A37-43F2-84E9-F3C9B703B462}.Release|Any CPU.Build.0 = Release|Any CPU
		{224FE0C1-D2D0-4CB0-87E1-D02A079D0679}.Debug|Any CPU.ActiveCfg = Debug|Any CPU
		{224FE0C1-D2D0-4CB0-87E1-D02A079D0679}.Debug|Any CPU.Build.0 = Debug|Any CPU
		{224FE0C1-D2D0-4CB0-87E1-D02A079D0679}.Production|Any CPU.ActiveCfg = Debug|Any CPU
		{224FE0C1-D2D0-4CB0-87E1-D02A079D0679}.Production|Any CPU.Build.0 = Debug|Any CPU
		{224FE0C1-D2D0-4CB0-87E1-D02A079D0679}.Release|Any CPU.ActiveCfg = Release|Any CPU
		{224FE0C1-D2D0-4CB0-87E1-D02A079D0679}.Release|Any CPU.Build.0 = Release|Any CPU
	EndGlobalSection
	GlobalSection(SolutionProperties) = preSolution
		HideSolutionNode = FALSE
	EndGlobalSection
	GlobalSection(NestedProjects) = preSolution
		{12AC2D24-D407-4585-974D-04F68D4D40C5} = {E2ABE857-3C53-46B3-8AC3-D73A1A358CB5}
		{18AD9727-39F7-4C5B-AB97-F58850DB5A06} = {E2ABE857-3C53-46B3-8AC3-D73A1A358CB5}
		{AEC28FBB-A9D7-491C-95BA-6290C4109BCA} = {A4BA7B51-D5DA-4528-AA6A-8D4BC381E66F}
		{E2ABE857-3C53-46B3-8AC3-D73A1A358CB5} = {2FD9EAA7-D20F-4C07-BDF5-29F853D24807}
		{8133E4E7-CBFF-4DD2-B9CA-A25C695AEA14} = {E2ABE857-3C53-46B3-8AC3-D73A1A358CB5}
		{7FB2C965-A470-4EDF-8AFE-B848B56A5912} = {2FD9EAA7-D20F-4C07-BDF5-29F853D24807}
		{9F409826-0C3E-4524-841B-C659B1C7C780} = {AEC28FBB-A9D7-491C-95BA-6290C4109BCA}
		{0F325D7A-1961-48C5-99EE-858760369799} = {AEC28FBB-A9D7-491C-95BA-6290C4109BCA}
		{A5DB5239-B231-4BF6-9CCF-3D8B4753FB9E} = {2FD9EAA7-D20F-4C07-BDF5-29F853D24807}
		{280C7AF6-FA94-4F9C-9BCD-8C3ED72DE924} = {A5DB5239-B231-4BF6-9CCF-3D8B4753FB9E}
		{2AED6C70-FA28-42B8-822B-FB0389AB2410} = {7FB2C965-A470-4EDF-8AFE-B848B56A5912}
		{A3DB95E5-9944-44CD-94F6-6522EE75D3D0} = {7FB2C965-A470-4EDF-8AFE-B848B56A5912}
		{4306DB61-2DE1-48DF-AAC7-CE5D7EDF6BE0} = {7FB2C965-A470-4EDF-8AFE-B848B56A5912}
		{DE4D1FBD-E120-478F-BEA7-885931D532ED} = {A5DB5239-B231-4BF6-9CCF-3D8B4753FB9E}
		{F05B166C-0A37-43F2-84E9-F3C9B703B462} = {7FB2C965-A470-4EDF-8AFE-B848B56A5912}
		{224FE0C1-D2D0-4CB0-87E1-D02A079D0679} = {7FB2C965-A470-4EDF-8AFE-B848B56A5912}
	EndGlobalSection
	GlobalSection(ExtensibilityGlobals) = postSolution
		SolutionGuid = {83357D8C-82DF-4242-AB00-F8FEA24EC7BC}
	EndGlobalSection
EndGlobal
